
Microsoft Visual Studio Solution File, Format Version 12.00
# Visual Studio 15
VisualStudioVersion = 15.0.28307.1300
MinimumVisualStudioVersion = 10.0.40219.1
Project("{FAE04EC0-301F-11D3-BF4B-00C04F79EFBC}") = "ServiceReservasi_001", "ServiceReservasi_001\ServiceReservasi_001.csproj", "{C23F96C9-990D-41EF-91B8-3F0D0D52DDCA}"
EndProject
Global
	GlobalSection(SolutionConfigurationPlatforms) = preSolution
		Debug|Any CPU = Debug|Any CPU
		Release|Any CPU = Release|Any CPU
	EndGlobalSection
	GlobalSection(ProjectConfigurationPlatforms) = postSolution
		{C23F96C9-990D-41EF-91B8-3F0D0D52DDCA}.Debug|Any CPU.ActiveCfg = Debug|Any CPU
		{C23F96C9-990D-41EF-91B8-3F0D0D52DDCA}.Debug|Any CPU.Build.0 = Debug|Any CPU
		{C23F96C9-990D-41EF-91B8-3F0D0D52DDCA}.Release|Any CPU.ActiveCfg = Release|Any CPU
		{C23F96C9-990D-41EF-91B8-3F0D0D52DDCA}.Release|Any CPU.Build.0 = Release|Any CPU
	EndGlobalSection
	GlobalSection(SolutionProperties) = preSolution
		HideSolutionNode = FALSE
	EndGlobalSection
	GlobalSection(ExtensibilityGlobals) = postSolution
		SolutionGuid = {C464578A-B70A-41BC-8BF7-4A57A884A940}
	EndGlobalSection
EndGlobal
